
Microsoft Visual Studio Solution File, Format Version 12.00
# Visual Studio Version 16
VisualStudioVersion = 16.0.30907.101
MinimumVisualStudioVersion = 10.0.40219.1
Project("{FAE04EC0-301F-11D3-BF4B-00C04F79EFBC}") = "ClassMetotDemo", "ClassMetotDemo\ClassMetotDemo.csproj", "{5E52F49C-67D3-4F2F-AA9F-5C850D80DC5A}"
EndProject
Global
	GlobalSection(SolutionConfigurationPlatforms) = preSolution
		Debug|Any CPU = Debug|Any CPU
		Release|Any CPU = Release|Any CPU
	EndGlobalSection
	GlobalSection(ProjectConfigurationPlatforms) = postSolution
		{5E52F49C-67D3-4F2F-AA9F-5C850D80DC5A}.Debug|Any CPU.ActiveCfg = Debug|Any CPU
		{5E52F49C-67D3-4F2F-AA9F-5C850D80DC5A}.Debug|Any CPU.Build.0 = Debug|Any CPU
		{5E52F49C-67D3-4F2F-AA9F-5C850D80DC5A}.Release|Any CPU.ActiveCfg = Release|Any CPU
		{5E52F49C-67D3-4F2F-AA9F-5C850D80DC5A}.Release|Any CPU.Build.0 = Release|Any CPU
	EndGlobalSection
	GlobalSection(SolutionProperties) = preSolution
		HideSolutionNode = FALSE
	EndGlobalSection
	GlobalSection(ExtensibilityGlobals) = postSolution
		SolutionGuid = {E50D4C32-1CAA-4495-87EF-BE2814B676D0}
	EndGlobalSection
EndGlobal
